github.com/atljoseph/gomaid-dep-2 v0.0.0-20240727075117-d28634071bad h1:Yl6YufVJjIr0CH78aGv7+LHmcz2YpT2HctuvPw/AC5E=
github.com/atljoseph/gomaid-dep-2 v0.0.0-20240727075117-d28634071bad/go.mod h1:zShsMQhZ7g8OzGIKLL6G04Pmp9z/SGfQ33dOyy7JOFA=
github.com/atljoseph/gomaid-dep-3 v0.0.0-20240727081438-1c8374447783 h1:vZy6rlc061y/SPItS5hgCeRRB6X6m13/qcmNh2fZWXQ=
github.com/atljoseph/gomaid-dep-3 v0.0.0-20240727081438-1c8374447783/go.mod h1:virDuut9yVobfTHqJx3/d3Y/LykH+bwiBPsGRqlYTPQ=
github.com/atljoseph/gomaid-dep-4 v0.0.0-20240727080919-8356de109414 h1:jiWBxKoJ3k5qM/6jV+g0pAcjdlRDH+uv9CnKKqeWcgk=
github.com/atljoseph/gomaid-dep-4 v0.0.0-20240727080919-8356de109414/go.mod h1:rBx99/W0nsUQ44kM53YvfzyNm2sMNXFAm2DB30xOWCY=
github.com/atljoseph/gomaid-dep-5 v0.0.0-20240727083108-199d477ce579 h1:JEA0Uyq+Wm3EIgSY6H71fjJhVUwP5HuXO2qzLPXCJCU=
github.com/atljoseph/gomaid-dep-5 v0.0.0-20240727083108-199d477ce579/go.mod h1:uAcyUrARN/kFhmDNHolauqoY39thjsDGyt1WLjeryaM=
github.com/atljoseph/gomaid-dep-6 v0.0.0-20240727082945-25ac128c0d32 h1:BDF3nnkSM3NR+DZ00igU+UX08JDMDpEaHeIGk/2bnsU=
github.com/atljoseph/gomaid-dep-6 v0.0.0-20240727082945-25ac128c0d32/go.mod h1:wzF7OmXgK1lTi54Wmtsutnk8ZKK7Jy/HZazSnmhwmLw=
